{
  "nodes": {
    "nixpkgs": {
      "locked": {
        "lastModified": 1662096612,
        "narHash": "sha256-R+Q8l5JuyJryRPdiIaYpO5O3A55rT+/pItBrKcy7LM4=",
        "owner": "NixOS",
        "repo": "nixpkgs",
        "rev": "21de2b973f9fee595a7a1ac4693efff791245c34",
        "type": "github"
      },
      "original": {
        "id": "nixpkgs",
        "type": "indirect"
      }
    },
    "root": {
      "inputs": {
        "nixpkgs": "nixpkgs",
        "upscayl": "upscayl"
      }
    },
    "upscayl": {
      "flake": false,
      "locked": {
        "narHash": "sha256-u5TayuJjgnxcmYXVSVCkznrtPBKfoGh/GNist9rFXWc=",
        "type": "file",
        "url": "https://github.com/upscayl/upscayl/releases/download/v1.2.0/Upscayl-1.2.0.AppImage"
      },
      "original": {
        "type": "file",
        "url": "https://github.com/upscayl/upscayl/releases/download/v1.2.0/Upscayl-1.2.0.AppImage"
      }
    }
  },
  "root": "root",
  "version": 7
}
